// !$*UTF8*$!
{
	archiveVersion = 1;
	classes = {
	};
	objectVersion = 46;
	objects = {

/* Begin PBXFileReference section */
		8772D52819751813007EBB92 /* pdu.py */ = {isa = PBXFileReference; fileEncoding = 4; lastKnownFileType = text.script.python; path = pdu.py; sourceTree = "<group>"; };
		8772D5291975212B007EBB92 /* auto-login.py */ = {isa = PBXFileReference; fileEncoding = 4; lastKnownFileType = text.script.python; path = "auto-login.py"; sourceTree = "<group>"; };
		8772D52B197527B4007EBB92 /* tempip.py */ = {isa = PBXFileReference; fileEncoding = 4; lastKnownFileType = text.script.python; path = tempip.py; sourceTree = "<group>"; };
		8772D52C19753F84007EBB92 /* variable-test.py */ = {isa = PBXFileReference; fileEncoding = 4; lastKnownFileType = text.script.python; path = "variable-test.py"; sourceTree = "<group>"; };
		8772D52D197548ED007EBB92 /* final-config.py */ = {isa = PBXFileReference; fileEncoding = 4; lastKnownFileType = text.script.python; path = "final-config.py"; sourceTree = "<group>"; };
		8772D52E1976D95D007EBB92 /* logtest.py */ = {isa = PBXFileReference; fileEncoding = 4; lastKnownFileType = text.script.python; path = logtest.py; sourceTree = "<group>"; };
		8772D52F1976E43C007EBB92 /* loadingtest.py */ = {isa = PBXFileReference; fileEncoding = 4; lastKnownFileType = text.script.python; path = loadingtest.py; sourceTree = "<group>"; };
		8772D5301976E7BE007EBB92 /* pdu-noout.py */ = {isa = PBXFileReference; fileEncoding = 4; lastKnownFileType = text.script.python; path = "pdu-noout.py"; sourceTree = "<group>"; };
		8772D53119786228007EBB92 /* config-only.py */ = {isa = PBXFileReference; fileEncoding = 4; lastKnownFileType = text.script.python; path = "config-only.py"; sourceTree = "<group>"; };
		8772D532197863C9007EBB92 /* reset+firmware.py */ = {isa = PBXFileReference; fileEncoding = 4; lastKnownFileType = text.script.python; path = "reset+firmware.py"; sourceTree = "<group>"; };
		8772D53319787F5A007EBB92 /* tempip-only_v1.0.0.py */ = {isa = PBXFileReference; fileEncoding = 4; lastKnownFileType = text.script.python; path = "tempip-only_v1.0.0.py"; sourceTree = "<group>"; };
/* End PBXFileReference section */

/* Begin PBXGroup section */
		8772D51D197517D3007EBB92 = {
			isa = PBXGroup;
			children = (
				8772D52B197527B4007EBB92 /* tempip.py */,
				8772D5291975212B007EBB92 /* auto-login.py */,
				8772D52819751813007EBB92 /* pdu.py */,
				8772D53119786228007EBB92 /* config-only.py */,
				8772D532197863C9007EBB92 /* reset+firmware.py */,
				8772D53319787F5A007EBB92 /* tempip-only_v1.0.0.py */,
				8772D5301976E7BE007EBB92 /* pdu-noout.py */,
				8772D52F1976E43C007EBB92 /* loadingtest.py */,
				8772D52E1976D95D007EBB92 /* logtest.py */,
				8772D52D197548ED007EBB92 /* final-config.py */,
				8772D52C19753F84007EBB92 /* variable-test.py */,
			);
			sourceTree = "<group>";
		};
/* End PBXGroup section */

/* Begin PBXLegacyTarget section */
		8772D522197517D3007EBB92 /* Nexcess PDU Config */ = {
			isa = PBXLegacyTarget;
			buildArgumentsString = "$(ACTION)";
			buildConfigurationList = 8772D525197517D3007EBB92 /* Build configuration list for PBXLegacyTarget "Nexcess PDU Config" */;
			buildPhases = (
			);
			buildToolPath = /usr/bin/python;
			buildWorkingDirectory = "";
			dependencies = (
			);
			name = "Nexcess PDU Config";
			passBuildSettingsInEnvironment = 1;
			productName = "Nexcess PDU Config";
		};
/* End PBXLegacyTarget section */

/* Begin PBXProject section */
		8772D51E197517D3007EBB92 /* Project object */ = {
			isa = PBXProject;
			attributes = {
				LastUpgradeCheck = 0510;
				ORGANIZATIONNAME = Nexcess.net;
			};
			buildConfigurationList = 8772D521197517D3007EBB92 /* Build configuration list for PBXProject "Nexcess PDU Config" */;
			compatibilityVersion = "Xcode 3.2";
			developmentRegion = English;
			hasScannedForEncodings = 0;
			knownRegions = (
				en,
			);
			mainGroup = 8772D51D197517D3007EBB92;
			projectDirPath = "";
			projectRoot = "";
			targets = (
				8772D522197517D3007EBB92 /* Nexcess PDU Config */,
			);
		};
/* End PBXProject section */

/* Begin XCBuildConfiguration section */
		8772D523197517D3007EBB92 /* Debug */ = {
			isa = XCBuildConfiguration;
			buildSettings = {
				ALWAYS_SEARCH_USER_PATHS = NO;
				CLANG_CXX_LANGUAGE_STANDARD = "gnu++0x";
				CLANG_CXX_LIBRARY = "libc++";
				CLANG_ENABLE_MODULES = YES;
				CLANG_ENABLE_OBJC_ARC = YES;
				CLANG_WARN_BOOL_CONVERSION = YES;
				CLANG_WARN_CONSTANT_CONVERSION = YES;
				CLANG_WARN_DIRECT_OBJC_ISA_USAGE = YES_ERROR;
				CLANG_WARN_EMPTY_BODY = YES;
				CLANG_WARN_ENUM_CONVERSION = YES;
				CLANG_WARN_INT_CONVERSION = YES;
				CLANG_WARN_OBJC_ROOT_CLASS = YES_ERROR;
				CLANG_WARN__DUPLICATE_METHOD_MATCH = YES;
				COPY_PHASE_STRIP = NO;
				GCC_C_LANGUAGE_STANDARD = gnu99;
				GCC_DYNAMIC_NO_PIC = NO;
				GCC_ENABLE_OBJC_EXCEPTIONS = YES;
				GCC_OPTIMIZATION_LEVEL = 0;
				GCC_PREPROCESSOR_DEFINITIONS = (
					"DEBUG=1",
					"$(inherited)",
				);
				GCC_SYMBOLS_PRIVATE_EXTERN = NO;
				GCC_WARN_64_TO_32_BIT_CONVERSION = YES;
				GCC_WARN_ABOUT_RETURN_TYPE = YES_ERROR;
				GCC_WARN_UNDECLARED_SELECTOR = YES;
				GCC_WARN_UNINITIALIZED_AUTOS = YES_AGGRESSIVE;
				GCC_WARN_UNUSED_FUNCTION = YES;
				GCC_WARN_UNUSED_VARIABLE = YES;
				MACOSX_DEPLOYMENT_TARGET = 10.8;
				ONLY_ACTIVE_ARCH = YES;
				SDKROOT = macosx;
			};
			name = Debug;
		};
		8772D524197517D3007EBB92 /* Release */ = {
			isa = XCBuildConfiguration;
			buildSettings = {
				ALWAYS_SEARCH_USER_PATHS = NO;
				CLANG_CXX_LANGUAGE_STANDARD = "gnu++0x";
				CLANG_CXX_LIBRARY = "libc++";
				CLANG_ENABLE_MODULES = YES;
				CLANG_ENABLE_OBJC_ARC = YES;
				CLANG_WARN_BOOL_CONVERSION = YES;
				CLANG_WARN_CONSTANT_CONVERSION = YES;
				CLANG_WARN_DIRECT_OBJC_ISA_USAGE = YES_ERROR;
				CLANG_WARN_EMPTY_BODY = YES;
				CLANG_WARN_ENUM_CONVERSION = YES;
				CLANG_WARN_INT_CONVERSION = YES;
				CLANG_WARN_OBJC_ROOT_CLASS = YES_ERROR;
				CLANG_WARN__DUPLICATE_METHOD_MATCH = YES;
				COPY_PHASE_STRIP = YES;
				DEBUG_INFORMATION_FORMAT = "dwarf-with-dsym";
				ENABLE_NS_ASSERTIONS = NO;
				GCC_C_LANGUAGE_STANDARD = gnu99;
				GCC_ENABLE_OBJC_EXCEPTIONS = YES;
				GCC_WARN_64_TO_32_BIT_CONVERSION = YES;
				GCC_WARN_ABOUT_RETURN_TYPE = YES_ERROR;
				GCC_WARN_UNDECLARED_SELECTOR = YES;
				GCC_WARN_UNINITIALIZED_AUTOS = YES_AGGRESSIVE;
				GCC_WARN_UNUSED_FUNCTION = YES;
				GCC_WARN_UNUSED_VARIABLE = YES;
				MACOSX_DEPLOYMENT_TARGET = 10.8;
				SDKROOT = macosx;
			};
			name = Release;
		};
		8772D526197517D3007EBB92 /* Debug */ = {
			isa = XCBuildConfiguration;
			buildSettings = {
				DEBUGGING_SYMBOLS = YES;
				GCC_GENERATE_DEBUGGING_SYMBOLS = YES;
				GCC_OPTIMIZATION_LEVEL = 0;
				OTHER_CFLAGS = "";
				OTHER_LDFLAGS = "";
				PRODUCT_NAME = "$(TARGET_NAME)";
			};
			name = Debug;
		};
		8772D527197517D3007EBB92 /* Release */ = {
			isa = XCBuildConfiguration;
			buildSettings = {
				OTHER_CFLAGS = "";
				OTHER_LDFLAGS = "";
				PRODUCT_NAME = "$(TARGET_NAME)";
			};
			name = Release;
		};
/* End XCBuildConfiguration section */

/* Begin XCConfigurationList section */
		8772D521197517D3007EBB92 /* Build configuration list for PBXProject "Nexcess PDU Config" */ = {
			isa = XCConfigurationList;
			buildConfigurations = (
				8772D523197517D3007EBB92 /* Debug */,
				8772D524197517D3007EBB92 /* Release */,
			);
			defaultConfigurationIsVisible = 0;
			defaultConfigurationName = Release;
		};
		8772D525197517D3007EBB92 /* Build configuration list for PBXLegacyTarget "Nexcess PDU Config" */ = {
			isa = XCConfigurationList;
			buildConfigurations = (
				8772D526197517D3007EBB92 /* Debug */,
				8772D527197517D3007EBB92 /* Release */,
			);
			defaultConfigurationIsVisible = 0;
		};
/* End XCConfigurationList section */
	};
	rootObject = 8772D51E197517D3007EBB92 /* Project object */;
}
